
Microsoft Visual Studio Solution File, Format Version 12.00
# Visual Studio Version 17
VisualStudioVersion = 17.12.35707.178
MinimumVisualStudioVersion = 10.0.40219.1
Project("{FAE04EC0-301F-11D3-BF4B-00C04F79EFBC}") = "DropshippingAdmin.Api", "DropshippingAdmin.Api.csproj", "{1C2AE9CE-B623-48E3-BBF4-D7A48EA37F14}"
EndProject
Project("{FAE04EC0-301F-11D3-BF4B-00C04F79EFBC}") = "DropshippingAdmin.Api.Payment", "..\DropshippingAdmin.Api.Payment\DropshippingAdmin.Api.Payment.csproj", "{A8A38D91-2970-4B22-9E03-63522E55C81A}"
EndProject
Project("{FAE04EC0-301F-11D3-BF4B-00C04F79EFBC}") = "DropshippingAdmin.Api.Message", "..\DropshippingAdmin.Api.Message\DropshippingAdmin.Api.Message.csproj", "{3BEBD620-CCEB-49DB-8D66-9B25A8658E6C}"
EndProject
Project("{2150E333-8FDC-42A3-9474-1A3956D46DE8}") = "Api", "Api", "{68E59517-18DE-41B1-9311-E19FCA23BDE1}"
EndProject
Project("{FAE04EC0-301F-11D3-BF4B-00C04F79EFBC}") = "DropshippingAdmin.Api.Auth", "..\DropshippingAdmin.Api.Auth\DropshippingAdmin.Api.Auth.csproj", "{ADD6450B-74CB-429A-8B59-E4B11540B80F}"
EndProject
Project("{FAE04EC0-301F-11D3-BF4B-00C04F79EFBC}") = "DropshippingAdmin.Api.Identity", "..\DropshippingAdmin.Api.Identity\DropshippingAdmin.Api.Identity.csproj", "{440E1DE2-9645-4967-8366-165F61AB5D19}"
EndProject
Project("{FAE04EC0-301F-11D3-BF4B-00C04F79EFBC}") = "DropshippingAdmin.Domain", "..\DropshippingAdmin.Domain\DropshippingAdmin.Domain.csproj", "{4A0605A5-6378-4FF3-BC8B-F6E8EF2E8A91}"
EndProject
Project("{FAE04EC0-301F-11D3-BF4B-00C04F79EFBC}") = "DropshippingAdmin.Application", "..\DropshippingAdmin.Application\DropshippingAdmin.Application.csproj", "{98AA1942-1F8C-41CA-A087-C9D9C566C09F}"
EndProject
Project("{FAE04EC0-301F-11D3-BF4B-00C04F79EFBC}") = "DropshippingAdmin.Services", "..\DropshippingAdmin.Services\DropshippingAdmin.Services.csproj", "{5A341479-0BAA-45CF-8083-11967A7FAECC}"
EndProject
Project("{FAE04EC0-301F-11D3-BF4B-00C04F79EFBC}") = "DropshippingAdmin.Infrastructure", "..\DropshippingAdmin.Infrastructure\DropshippingAdmin.Infrastructure.csproj", "{841A14C2-31BC-479E-B7EB-9600D6FC5DEA}"
EndProject
Project("{2150E333-8FDC-42A3-9474-1A3956D46DE8}") = "Domain", "Domain", "{D2067B77-767F-41DF-BB83-5088AB1B005C}"
EndProject
Project("{2150E333-8FDC-42A3-9474-1A3956D46DE8}") = "Application", "Application", "{5C80F5AE-2999-4A80-BE8A-B58595BBA6CA}"
EndProject
Project("{2150E333-8FDC-42A3-9474-1A3956D46DE8}") = "Infrastructure", "Infrastructure", "{4ADCD8BE-B9A7-4C46-807A-BE9295FD0A6E}"
EndProject
Project("{2150E333-8FDC-42A3-9474-1A3956D46DE8}") = "Services", "Services", "{3846B1DE-020F-4525-AEE9-C8A97CEA3441}"
EndProject
Project("{2150E333-8FDC-42A3-9474-1A3956D46DE8}") = "Shared", "Shared", "{91A4B1CE-A1AC-4E97-A52B-95E86926714A}"
EndProject
Project("{2150E333-8FDC-42A3-9474-1A3956D46DE8}") = "Contracts", "Contracts", "{86A3BAEC-8BAC-464F-94E7-B25B07FF0140}"
EndProject
Project("{2150E333-8FDC-42A3-9474-1A3956D46DE8}") = "Base", "Base", "{8D4C4DB1-B95D-4464-B9F1-82CB7BB4838E}"
EndProject
Project("{2150E333-8FDC-42A3-9474-1A3956D46DE8}") = "Core", "Core", "{8718EB54-26CF-4FF7-90C0-524D4B1F019A}"
EndProject
Project("{2150E333-8FDC-42A3-9474-1A3956D46DE8}") = "Itens de Solução", "Itens de Solução", "{380A7511-A354-6D7A-0CC0-8FA1F1BA7B6C}"
	ProjectSection(SolutionItems) = preProject
		README.md = README.md
	EndProjectSection
EndProject
Project("{FAE04EC0-301F-11D3-BF4B-00C04F79EFBC}") = "DropshippingAdmin.Contracts", "..\DropshippingAdmin.Contracts\DropshippingAdmin.Contracts.csproj", "{B19DBAF1-48CB-4F32-9B21-49A0A69F3E52}"
EndProject
Project("{FAE04EC0-301F-11D3-BF4B-00C04F79EFBC}") = "DropshippingAdmin.Shared", "..\DropshippingAdmin.Shared\DropshippingAdmin.Shared.csproj", "{A87B9D35-7351-4FCC-A609-565A68B841E6}"
EndProject
Global
	GlobalSection(SolutionConfigurationPlatforms) = preSolution
		Debug|Any CPU = Debug|Any CPU
		Release|Any CPU = Release|Any CPU
	EndGlobalSection
	GlobalSection(ProjectConfigurationPlatforms) = postSolution
		{1C2AE9CE-B623-48E3-BBF4-D7A48EA37F14}.Debug|Any CPU.ActiveCfg = Debug|Any CPU
		{1C2AE9CE-B623-48E3-BBF4-D7A48EA37F14}.Debug|Any CPU.Build.0 = Debug|Any CPU
		{1C2AE9CE-B623-48E3-BBF4-D7A48EA37F14}.Release|Any CPU.ActiveCfg = Release|Any CPU
		{1C2AE9CE-B623-48E3-BBF4-D7A48EA37F14}.Release|Any CPU.Build.0 = Release|Any CPU
		{A8A38D91-2970-4B22-9E03-63522E55C81A}.Debug|Any CPU.ActiveCfg = Debug|Any CPU
		{A8A38D91-2970-4B22-9E03-63522E55C81A}.Debug|Any CPU.Build.0 = Debug|Any CPU
		{A8A38D91-2970-4B22-9E03-63522E55C81A}.Release|Any CPU.ActiveCfg = Release|Any CPU
		{A8A38D91-2970-4B22-9E03-63522E55C81A}.Release|Any CPU.Build.0 = Release|Any CPU
		{3BEBD620-CCEB-49DB-8D66-9B25A8658E6C}.Debug|Any CPU.ActiveCfg = Debug|Any CPU
		{3BEBD620-CCEB-49DB-8D66-9B25A8658E6C}.Debug|Any CPU.Build.0 = Debug|Any CPU
		{3BEBD620-CCEB-49DB-8D66-9B25A8658E6C}.Release|Any CPU.ActiveCfg = Release|Any CPU
		{3BEBD620-CCEB-49DB-8D66-9B25A8658E6C}.Release|Any CPU.Build.0 = Release|Any CPU
		{ADD6450B-74CB-429A-8B59-E4B11540B80F}.Debug|Any CPU.ActiveCfg = Debug|Any CPU
		{ADD6450B-74CB-429A-8B59-E4B11540B80F}.Debug|Any CPU.Build.0 = Debug|Any CPU
		{ADD6450B-74CB-429A-8B59-E4B11540B80F}.Release|Any CPU.ActiveCfg = Release|Any CPU
		{ADD6450B-74CB-429A-8B59-E4B11540B80F}.Release|Any CPU.Build.0 = Release|Any CPU
		{440E1DE2-9645-4967-8366-165F61AB5D19}.Debug|Any CPU.ActiveCfg = Debug|Any CPU
		{440E1DE2-9645-4967-8366-165F61AB5D19}.Debug|Any CPU.Build.0 = Debug|Any CPU
		{440E1DE2-9645-4967-8366-165F61AB5D19}.Release|Any CPU.ActiveCfg = Release|Any CPU
		{440E1DE2-9645-4967-8366-165F61AB5D19}.Release|Any CPU.Build.0 = Release|Any CPU
		{4A0605A5-6378-4FF3-BC8B-F6E8EF2E8A91}.Debug|Any CPU.ActiveCfg = Debug|Any CPU
		{4A0605A5-6378-4FF3-BC8B-F6E8EF2E8A91}.Debug|Any CPU.Build.0 = Debug|Any CPU
		{4A0605A5-6378-4FF3-BC8B-F6E8EF2E8A91}.Release|Any CPU.ActiveCfg = Release|Any CPU
		{4A0605A5-6378-4FF3-BC8B-F6E8EF2E8A91}.Release|Any CPU.Build.0 = Release|Any CPU
		{98AA1942-1F8C-41CA-A087-C9D9C566C09F}.Debug|Any CPU.ActiveCfg = Debug|Any CPU
		{98AA1942-1F8C-41CA-A087-C9D9C566C09F}.Debug|Any CPU.Build.0 = Debug|Any CPU
		{98AA1942-1F8C-41CA-A087-C9D9C566C09F}.Release|Any CPU.ActiveCfg = Release|Any CPU
		{98AA1942-1F8C-41CA-A087-C9D9C566C09F}.Release|Any CPU.Build.0 = Release|Any CPU
		{5A341479-0BAA-45CF-8083-11967A7FAECC}.Debug|Any CPU.ActiveCfg = Debug|Any CPU
		{5A341479-0BAA-45CF-8083-11967A7FAECC}.Debug|Any CPU.Build.0 = Debug|Any CPU
		{5A341479-0BAA-45CF-8083-11967A7FAECC}.Release|Any CPU.ActiveCfg = Release|Any CPU
		{5A341479-0BAA-45CF-8083-11967A7FAECC}.Release|Any CPU.Build.0 = Release|Any CPU
		{841A14C2-31BC-479E-B7EB-9600D6FC5DEA}.Debug|Any CPU.ActiveCfg = Debug|Any CPU
		{841A14C2-31BC-479E-B7EB-9600D6FC5DEA}.Debug|Any CPU.Build.0 = Debug|Any CPU
		{841A14C2-31BC-479E-B7EB-9600D6FC5DEA}.Release|Any CPU.ActiveCfg = Release|Any CPU
		{841A14C2-31BC-479E-B7EB-9600D6FC5DEA}.Release|Any CPU.Build.0 = Release|Any CPU
		{B19DBAF1-48CB-4F32-9B21-49A0A69F3E52}.Debug|Any CPU.ActiveCfg = Debug|Any CPU
		{B19DBAF1-48CB-4F32-9B21-49A0A69F3E52}.Debug|Any CPU.Build.0 = Debug|Any CPU
		{B19DBAF1-48CB-4F32-9B21-49A0A69F3E52}.Release|Any CPU.ActiveCfg = Release|Any CPU
		{B19DBAF1-48CB-4F32-9B21-49A0A69F3E52}.Release|Any CPU.Build.0 = Release|Any CPU
		{A87B9D35-7351-4FCC-A609-565A68B841E6}.Debug|Any CPU.ActiveCfg = Debug|Any CPU
		{A87B9D35-7351-4FCC-A609-565A68B841E6}.Debug|Any CPU.Build.0 = Debug|Any CPU
		{A87B9D35-7351-4FCC-A609-565A68B841E6}.Release|Any CPU.ActiveCfg = Release|Any CPU
		{A87B9D35-7351-4FCC-A609-565A68B841E6}.Release|Any CPU.Build.0 = Release|Any CPU
	EndGlobalSection
	GlobalSection(SolutionProperties) = preSolution
		HideSolutionNode = FALSE
	EndGlobalSection
	GlobalSection(NestedProjects) = preSolution
		{1C2AE9CE-B623-48E3-BBF4-D7A48EA37F14} = {68E59517-18DE-41B1-9311-E19FCA23BDE1}
		{A8A38D91-2970-4B22-9E03-63522E55C81A} = {68E59517-18DE-41B1-9311-E19FCA23BDE1}
		{3BEBD620-CCEB-49DB-8D66-9B25A8658E6C} = {68E59517-18DE-41B1-9311-E19FCA23BDE1}
		{ADD6450B-74CB-429A-8B59-E4B11540B80F} = {68E59517-18DE-41B1-9311-E19FCA23BDE1}
		{440E1DE2-9645-4967-8366-165F61AB5D19} = {68E59517-18DE-41B1-9311-E19FCA23BDE1}
		{4A0605A5-6378-4FF3-BC8B-F6E8EF2E8A91} = {8718EB54-26CF-4FF7-90C0-524D4B1F019A}
		{98AA1942-1F8C-41CA-A087-C9D9C566C09F} = {8718EB54-26CF-4FF7-90C0-524D4B1F019A}
		{5A341479-0BAA-45CF-8083-11967A7FAECC} = {8718EB54-26CF-4FF7-90C0-524D4B1F019A}
		{841A14C2-31BC-479E-B7EB-9600D6FC5DEA} = {8718EB54-26CF-4FF7-90C0-524D4B1F019A}
		{D2067B77-767F-41DF-BB83-5088AB1B005C} = {8D4C4DB1-B95D-4464-B9F1-82CB7BB4838E}
		{5C80F5AE-2999-4A80-BE8A-B58595BBA6CA} = {8D4C4DB1-B95D-4464-B9F1-82CB7BB4838E}
		{4ADCD8BE-B9A7-4C46-807A-BE9295FD0A6E} = {8D4C4DB1-B95D-4464-B9F1-82CB7BB4838E}
		{3846B1DE-020F-4525-AEE9-C8A97CEA3441} = {8D4C4DB1-B95D-4464-B9F1-82CB7BB4838E}
		{91A4B1CE-A1AC-4E97-A52B-95E86926714A} = {8D4C4DB1-B95D-4464-B9F1-82CB7BB4838E}
		{86A3BAEC-8BAC-464F-94E7-B25B07FF0140} = {8D4C4DB1-B95D-4464-B9F1-82CB7BB4838E}
		{B19DBAF1-48CB-4F32-9B21-49A0A69F3E52} = {8718EB54-26CF-4FF7-90C0-524D4B1F019A}
		{A87B9D35-7351-4FCC-A609-565A68B841E6} = {8718EB54-26CF-4FF7-90C0-524D4B1F019A}
	EndGlobalSection
	GlobalSection(ExtensibilityGlobals) = postSolution
		SolutionGuid = {9DCE4AB3-AB32-48AE-8442-24885033C89E}
	EndGlobalSection
EndGlobal
