
Microsoft Visual Studio Solution File, Format Version 12.00
# Visual Studio Version 17
VisualStudioVersion = 17.12.35707.178
MinimumVisualStudioVersion = 10.0.40219.1
Project("{FAE04EC0-301F-11D3-BF4B-00C04F79EFBC}") = "DropshippingAdmin.Api", "DropshippingAdmin.Api.csproj", "{1C2AE9CE-B623-48E3-BBF4-D7A48EA37F14}"
EndProject
Project("{FAE04EC0-301F-11D3-BF4B-00C04F79EFBC}") = "DropshippingAdmin.Payment.Api", "..\PaymentsApi\DropshippingAdmin.Payment.Api.csproj", "{A8A38D91-2970-4B22-9E03-63522E55C81A}"
EndProject
Project("{FAE04EC0-301F-11D3-BF4B-00C04F79EFBC}") = "DropshippingAdmin.Message.Api", "..\MessagesApi\DropshippingAdmin.Message.Api.csproj", "{3BEBD620-CCEB-49DB-8D66-9B25A8658E6C}"
EndProject
Project("{2150E333-8FDC-42A3-9474-1A3956D46DE8}") = "Api", "Api", "{68E59517-18DE-41B1-9311-E19FCA23BDE1}"
EndProject
Project("{FAE04EC0-301F-11D3-BF4B-00C04F79EFBC}") = "DropshippingAdmin.Auth.Api", "..\AuthApi\DropshippingAdmin.Auth.Api.csproj", "{ADD6450B-74CB-429A-8B59-E4B11540B80F}"
EndProject
Project("{FAE04EC0-301F-11D3-BF4B-00C04F79EFBC}") = "DropshippingAdmin.Identity.Api", "..\IdentityApi\DropshippingAdmin.Identity.Api.csproj", "{440E1DE2-9645-4967-8366-165F61AB5D19}"
EndProject
Project("{2150E333-8FDC-42A3-9474-1A3956D46DE8}") = "Admin", "Admin", "{02EA681E-C7D8-13C7-8484-4AC65E1B71E8}"
EndProject
Project("{2150E333-8FDC-42A3-9474-1A3956D46DE8}") = "Auth", "Auth", "{E3A5F680-D9BF-4B5D-AF92-CE74FB37F88E}"
EndProject
Project("{2150E333-8FDC-42A3-9474-1A3956D46DE8}") = "Identity", "Identity", "{0F300963-E813-45CE-8826-66CA2F2203C7}"
EndProject
Project("{2150E333-8FDC-42A3-9474-1A3956D46DE8}") = "Message", "Message", "{68B2BD08-4DAC-4AA7-854F-DEE621DBC760}"
EndProject
Project("{2150E333-8FDC-42A3-9474-1A3956D46DE8}") = "Payment", "Payment", "{E880EE23-B23C-41BB-A914-085171A50905}"
EndProject
Project("{FAE04EC0-301F-11D3-BF4B-00C04F79EFBC}") = "DropshippingAdmin.Auth", "..\DropshippingAdmin.Auth\DropshippingAdmin.Auth.csproj", "{97DD3020-1D02-476E-945E-D5C997D37F09}"
EndProject
Project("{FAE04EC0-301F-11D3-BF4B-00C04F79EFBC}") = "DropshippingAdmin.Identity", "..\DropshippingAdmin.Identity\DropshippingAdmin.Identity.csproj", "{BA3D738B-4F9F-43F8-824B-4AF3D7911001}"
EndProject
Project("{FAE04EC0-301F-11D3-BF4B-00C04F79EFBC}") = "DropshippingAdmin.Message", "..\DropshippingAdmin.Message\DropshippingAdmin.Message.csproj", "{1D72E5C0-C526-452D-9276-A0837CC83709}"
EndProject
Project("{FAE04EC0-301F-11D3-BF4B-00C04F79EFBC}") = "DropshippingAdmin.Payment", "..\DropshippingAdmin.Payment\DropshippingAdmin.Payment.csproj", "{672B0FD3-3DF1-4D29-A75A-05C125BCDFBC}"
EndProject
Global
	GlobalSection(SolutionConfigurationPlatforms) = preSolution
		Debug|Any CPU = Debug|Any CPU
		Release|Any CPU = Release|Any CPU
	EndGlobalSection
	GlobalSection(ProjectConfigurationPlatforms) = postSolution
		{1C2AE9CE-B623-48E3-BBF4-D7A48EA37F14}.Debug|Any CPU.ActiveCfg = Debug|Any CPU
		{1C2AE9CE-B623-48E3-BBF4-D7A48EA37F14}.Debug|Any CPU.Build.0 = Debug|Any CPU
		{1C2AE9CE-B623-48E3-BBF4-D7A48EA37F14}.Release|Any CPU.ActiveCfg = Release|Any CPU
		{1C2AE9CE-B623-48E3-BBF4-D7A48EA37F14}.Release|Any CPU.Build.0 = Release|Any CPU
		{A8A38D91-2970-4B22-9E03-63522E55C81A}.Debug|Any CPU.ActiveCfg = Debug|Any CPU
		{A8A38D91-2970-4B22-9E03-63522E55C81A}.Debug|Any CPU.Build.0 = Debug|Any CPU
		{A8A38D91-2970-4B22-9E03-63522E55C81A}.Release|Any CPU.ActiveCfg = Release|Any CPU
		{A8A38D91-2970-4B22-9E03-63522E55C81A}.Release|Any CPU.Build.0 = Release|Any CPU
		{3BEBD620-CCEB-49DB-8D66-9B25A8658E6C}.Debug|Any CPU.ActiveCfg = Debug|Any CPU
		{3BEBD620-CCEB-49DB-8D66-9B25A8658E6C}.Debug|Any CPU.Build.0 = Debug|Any CPU
		{3BEBD620-CCEB-49DB-8D66-9B25A8658E6C}.Release|Any CPU.ActiveCfg = Release|Any CPU
		{3BEBD620-CCEB-49DB-8D66-9B25A8658E6C}.Release|Any CPU.Build.0 = Release|Any CPU
		{ADD6450B-74CB-429A-8B59-E4B11540B80F}.Debug|Any CPU.ActiveCfg = Debug|Any CPU
		{ADD6450B-74CB-429A-8B59-E4B11540B80F}.Debug|Any CPU.Build.0 = Debug|Any CPU
		{ADD6450B-74CB-429A-8B59-E4B11540B80F}.Release|Any CPU.ActiveCfg = Release|Any CPU
		{ADD6450B-74CB-429A-8B59-E4B11540B80F}.Release|Any CPU.Build.0 = Release|Any CPU
		{440E1DE2-9645-4967-8366-165F61AB5D19}.Debug|Any CPU.ActiveCfg = Debug|Any CPU
		{440E1DE2-9645-4967-8366-165F61AB5D19}.Debug|Any CPU.Build.0 = Debug|Any CPU
		{440E1DE2-9645-4967-8366-165F61AB5D19}.Release|Any CPU.ActiveCfg = Release|Any CPU
		{440E1DE2-9645-4967-8366-165F61AB5D19}.Release|Any CPU.Build.0 = Release|Any CPU
		{97DD3020-1D02-476E-945E-D5C997D37F09}.Debug|Any CPU.ActiveCfg = Debug|Any CPU
		{97DD3020-1D02-476E-945E-D5C997D37F09}.Debug|Any CPU.Build.0 = Debug|Any CPU
		{97DD3020-1D02-476E-945E-D5C997D37F09}.Release|Any CPU.ActiveCfg = Release|Any CPU
		{97DD3020-1D02-476E-945E-D5C997D37F09}.Release|Any CPU.Build.0 = Release|Any CPU
		{BA3D738B-4F9F-43F8-824B-4AF3D7911001}.Debug|Any CPU.ActiveCfg = Debug|Any CPU
		{BA3D738B-4F9F-43F8-824B-4AF3D7911001}.Debug|Any CPU.Build.0 = Debug|Any CPU
		{BA3D738B-4F9F-43F8-824B-4AF3D7911001}.Release|Any CPU.ActiveCfg = Release|Any CPU
		{BA3D738B-4F9F-43F8-824B-4AF3D7911001}.Release|Any CPU.Build.0 = Release|Any CPU
		{1D72E5C0-C526-452D-9276-A0837CC83709}.Debug|Any CPU.ActiveCfg = Debug|Any CPU
		{1D72E5C0-C526-452D-9276-A0837CC83709}.Debug|Any CPU.Build.0 = Debug|Any CPU
		{1D72E5C0-C526-452D-9276-A0837CC83709}.Release|Any CPU.ActiveCfg = Release|Any CPU
		{1D72E5C0-C526-452D-9276-A0837CC83709}.Release|Any CPU.Build.0 = Release|Any CPU
		{672B0FD3-3DF1-4D29-A75A-05C125BCDFBC}.Debug|Any CPU.ActiveCfg = Debug|Any CPU
		{672B0FD3-3DF1-4D29-A75A-05C125BCDFBC}.Debug|Any CPU.Build.0 = Debug|Any CPU
		{672B0FD3-3DF1-4D29-A75A-05C125BCDFBC}.Release|Any CPU.ActiveCfg = Release|Any CPU
		{672B0FD3-3DF1-4D29-A75A-05C125BCDFBC}.Release|Any CPU.Build.0 = Release|Any CPU
	EndGlobalSection
	GlobalSection(SolutionProperties) = preSolution
		HideSolutionNode = FALSE
	EndGlobalSection
	GlobalSection(NestedProjects) = preSolution
		{1C2AE9CE-B623-48E3-BBF4-D7A48EA37F14} = {02EA681E-C7D8-13C7-8484-4AC65E1B71E8}
		{A8A38D91-2970-4B22-9E03-63522E55C81A} = {E880EE23-B23C-41BB-A914-085171A50905}
		{3BEBD620-CCEB-49DB-8D66-9B25A8658E6C} = {68B2BD08-4DAC-4AA7-854F-DEE621DBC760}
		{ADD6450B-74CB-429A-8B59-E4B11540B80F} = {E3A5F680-D9BF-4B5D-AF92-CE74FB37F88E}
		{440E1DE2-9645-4967-8366-165F61AB5D19} = {0F300963-E813-45CE-8826-66CA2F2203C7}
		{02EA681E-C7D8-13C7-8484-4AC65E1B71E8} = {68E59517-18DE-41B1-9311-E19FCA23BDE1}
		{E3A5F680-D9BF-4B5D-AF92-CE74FB37F88E} = {68E59517-18DE-41B1-9311-E19FCA23BDE1}
		{0F300963-E813-45CE-8826-66CA2F2203C7} = {68E59517-18DE-41B1-9311-E19FCA23BDE1}
		{68B2BD08-4DAC-4AA7-854F-DEE621DBC760} = {68E59517-18DE-41B1-9311-E19FCA23BDE1}
		{E880EE23-B23C-41BB-A914-085171A50905} = {68E59517-18DE-41B1-9311-E19FCA23BDE1}
		{97DD3020-1D02-476E-945E-D5C997D37F09} = {E3A5F680-D9BF-4B5D-AF92-CE74FB37F88E}
		{BA3D738B-4F9F-43F8-824B-4AF3D7911001} = {0F300963-E813-45CE-8826-66CA2F2203C7}
		{1D72E5C0-C526-452D-9276-A0837CC83709} = {68B2BD08-4DAC-4AA7-854F-DEE621DBC760}
		{672B0FD3-3DF1-4D29-A75A-05C125BCDFBC} = {E880EE23-B23C-41BB-A914-085171A50905}
	EndGlobalSection
	GlobalSection(ExtensibilityGlobals) = postSolution
		SolutionGuid = {9DCE4AB3-AB32-48AE-8442-24885033C89E}
	EndGlobalSection
EndGlobal
