
Microsoft Visual Studio Solution File, Format Version 12.00
# Visual Studio Version 17
VisualStudioVersion = 17.12.35707.178
MinimumVisualStudioVersion = 10.0.40219.1
Project("{FAE04EC0-301F-11D3-BF4B-00C04F79EFBC}") = "DropshippingAdminApi", "DropshippingAdminApi.csproj", "{1C2AE9CE-B623-48E3-BBF4-D7A48EA37F14}"
EndProject
Project("{FAE04EC0-301F-11D3-BF4B-00C04F79EFBC}") = "PaymentsApi", "..\PaymentsApi\PaymentsApi.csproj", "{A8A38D91-2970-4B22-9E03-63522E55C81A}"
EndProject
Project("{FAE04EC0-301F-11D3-BF4B-00C04F79EFBC}") = "MessagesApi", "..\MessagesApi\MessagesApi.csproj", "{3BEBD620-CCEB-49DB-8D66-9B25A8658E6C}"
EndProject
Project("{FAE04EC0-301F-11D3-BF4B-00C04F79EFBC}") = "UsersApi", "..\UsersApi\UsersApi.csproj", "{E484935F-C30D-4F3A-A778-86C8C2D99824}"
EndProject
Project("{FAE04EC0-301F-11D3-BF4B-00C04F79EFBC}") = "AuthUsersApi", "..\AuthUserApi\AuthUsersApi.csproj", "{9F66EA97-3A72-4823-9E9C-1593C131E6A9}"
EndProject
Project("{FAE04EC0-301F-11D3-BF4B-00C04F79EFBC}") = "AdminApi", "..\AdminApi\AdminApi.csproj", "{475BE368-593C-48A8-BBFE-12F504C2F7E6}"
EndProject
Project("{FAE04EC0-301F-11D3-BF4B-00C04F79EFBC}") = "AuthAdminApi", "..\AuthAdminApi\AuthAdminApi.csproj", "{DF44064A-4A54-4E6D-8D9B-52415A20F57F}"
EndProject
Project("{2150E333-8FDC-42A3-9474-1A3956D46DE8}") = "Admin", "Admin", "{02EA681E-C7D8-13C7-8484-4AC65E1B71E8}"
EndProject
Project("{2150E333-8FDC-42A3-9474-1A3956D46DE8}") = "Api", "Api", "{68E59517-18DE-41B1-9311-E19FCA23BDE1}"
EndProject
Project("{2150E333-8FDC-42A3-9474-1A3956D46DE8}") = "User", "User", "{21B34C81-8E1B-49CB-BCE1-79C6AD5116B1}"
EndProject
Project("{2150E333-8FDC-42A3-9474-1A3956D46DE8}") = "Messages", "Messages", "{B6622EC8-37AB-478A-BCFE-04BF68CB3155}"
EndProject
Project("{2150E333-8FDC-42A3-9474-1A3956D46DE8}") = "Payments", "Payments", "{A9FD6711-B39A-4D6B-B465-5922DA93BD0C}"
EndProject
Global
	GlobalSection(SolutionConfigurationPlatforms) = preSolution
		Debug|Any CPU = Debug|Any CPU
		Release|Any CPU = Release|Any CPU
	EndGlobalSection
	GlobalSection(ProjectConfigurationPlatforms) = postSolution
		{1C2AE9CE-B623-48E3-BBF4-D7A48EA37F14}.Debug|Any CPU.ActiveCfg = Debug|Any CPU
		{1C2AE9CE-B623-48E3-BBF4-D7A48EA37F14}.Debug|Any CPU.Build.0 = Debug|Any CPU
		{1C2AE9CE-B623-48E3-BBF4-D7A48EA37F14}.Release|Any CPU.ActiveCfg = Release|Any CPU
		{1C2AE9CE-B623-48E3-BBF4-D7A48EA37F14}.Release|Any CPU.Build.0 = Release|Any CPU
		{A8A38D91-2970-4B22-9E03-63522E55C81A}.Debug|Any CPU.ActiveCfg = Debug|Any CPU
		{A8A38D91-2970-4B22-9E03-63522E55C81A}.Debug|Any CPU.Build.0 = Debug|Any CPU
		{A8A38D91-2970-4B22-9E03-63522E55C81A}.Release|Any CPU.ActiveCfg = Release|Any CPU
		{A8A38D91-2970-4B22-9E03-63522E55C81A}.Release|Any CPU.Build.0 = Release|Any CPU
		{3BEBD620-CCEB-49DB-8D66-9B25A8658E6C}.Debug|Any CPU.ActiveCfg = Debug|Any CPU
		{3BEBD620-CCEB-49DB-8D66-9B25A8658E6C}.Debug|Any CPU.Build.0 = Debug|Any CPU
		{3BEBD620-CCEB-49DB-8D66-9B25A8658E6C}.Release|Any CPU.ActiveCfg = Release|Any CPU
		{3BEBD620-CCEB-49DB-8D66-9B25A8658E6C}.Release|Any CPU.Build.0 = Release|Any CPU
		{E484935F-C30D-4F3A-A778-86C8C2D99824}.Debug|Any CPU.ActiveCfg = Debug|Any CPU
		{E484935F-C30D-4F3A-A778-86C8C2D99824}.Debug|Any CPU.Build.0 = Debug|Any CPU
		{E484935F-C30D-4F3A-A778-86C8C2D99824}.Release|Any CPU.ActiveCfg = Release|Any CPU
		{E484935F-C30D-4F3A-A778-86C8C2D99824}.Release|Any CPU.Build.0 = Release|Any CPU
		{9F66EA97-3A72-4823-9E9C-1593C131E6A9}.Debug|Any CPU.ActiveCfg = Debug|Any CPU
		{9F66EA97-3A72-4823-9E9C-1593C131E6A9}.Debug|Any CPU.Build.0 = Debug|Any CPU
		{9F66EA97-3A72-4823-9E9C-1593C131E6A9}.Release|Any CPU.ActiveCfg = Release|Any CPU
		{9F66EA97-3A72-4823-9E9C-1593C131E6A9}.Release|Any CPU.Build.0 = Release|Any CPU
		{475BE368-593C-48A8-BBFE-12F504C2F7E6}.Debug|Any CPU.ActiveCfg = Debug|Any CPU
		{475BE368-593C-48A8-BBFE-12F504C2F7E6}.Debug|Any CPU.Build.0 = Debug|Any CPU
		{475BE368-593C-48A8-BBFE-12F504C2F7E6}.Release|Any CPU.ActiveCfg = Release|Any CPU
		{475BE368-593C-48A8-BBFE-12F504C2F7E6}.Release|Any CPU.Build.0 = Release|Any CPU
		{DF44064A-4A54-4E6D-8D9B-52415A20F57F}.Debug|Any CPU.ActiveCfg = Debug|Any CPU
		{DF44064A-4A54-4E6D-8D9B-52415A20F57F}.Debug|Any CPU.Build.0 = Debug|Any CPU
		{DF44064A-4A54-4E6D-8D9B-52415A20F57F}.Release|Any CPU.ActiveCfg = Release|Any CPU
		{DF44064A-4A54-4E6D-8D9B-52415A20F57F}.Release|Any CPU.Build.0 = Release|Any CPU
	EndGlobalSection
	GlobalSection(SolutionProperties) = preSolution
		HideSolutionNode = FALSE
	EndGlobalSection
	GlobalSection(NestedProjects) = preSolution
		{1C2AE9CE-B623-48E3-BBF4-D7A48EA37F14} = {68E59517-18DE-41B1-9311-E19FCA23BDE1}
		{A8A38D91-2970-4B22-9E03-63522E55C81A} = {A9FD6711-B39A-4D6B-B465-5922DA93BD0C}
		{3BEBD620-CCEB-49DB-8D66-9B25A8658E6C} = {B6622EC8-37AB-478A-BCFE-04BF68CB3155}
		{E484935F-C30D-4F3A-A778-86C8C2D99824} = {21B34C81-8E1B-49CB-BCE1-79C6AD5116B1}
		{9F66EA97-3A72-4823-9E9C-1593C131E6A9} = {21B34C81-8E1B-49CB-BCE1-79C6AD5116B1}
		{475BE368-593C-48A8-BBFE-12F504C2F7E6} = {02EA681E-C7D8-13C7-8484-4AC65E1B71E8}
		{DF44064A-4A54-4E6D-8D9B-52415A20F57F} = {02EA681E-C7D8-13C7-8484-4AC65E1B71E8}
		{02EA681E-C7D8-13C7-8484-4AC65E1B71E8} = {68E59517-18DE-41B1-9311-E19FCA23BDE1}
		{21B34C81-8E1B-49CB-BCE1-79C6AD5116B1} = {68E59517-18DE-41B1-9311-E19FCA23BDE1}
		{B6622EC8-37AB-478A-BCFE-04BF68CB3155} = {68E59517-18DE-41B1-9311-E19FCA23BDE1}
		{A9FD6711-B39A-4D6B-B465-5922DA93BD0C} = {68E59517-18DE-41B1-9311-E19FCA23BDE1}
	EndGlobalSection
	GlobalSection(ExtensibilityGlobals) = postSolution
		SolutionGuid = {9DCE4AB3-AB32-48AE-8442-24885033C89E}
	EndGlobalSection
EndGlobal
